
Microsoft Visual Studio Solution File, Format Version 12.00
# Visual Studio 15
VisualStudioVersion = 15.0.27703.2018
MinimumVisualStudioVersion = 10.0.40219.1
Project("{9A19103F-16F7-4668-BE54-9A1E7A4F7556}") = "GasEquation", "GasEquation\GasEquation.csproj", "{B5260BA3-5345-437F-9446-0CAE51DFFD03}"
EndProject
Global
	GlobalSection(SolutionConfigurationPlatforms) = preSolution
		Debug|Any CPU = Debug|Any CPU
		Release|Any CPU = Release|Any CPU
	EndGlobalSection
	GlobalSection(ProjectConfigurationPlatforms) = postSolution
		{B5260BA3-5345-437F-9446-0CAE51DFFD03}.Debug|Any CPU.ActiveCfg = Debug|Any CPU
		{B5260BA3-5345-437F-9446-0CAE51DFFD03}.Debug|Any CPU.Build.0 = Debug|Any CPU
		{B5260BA3-5345-437F-9446-0CAE51DFFD03}.Release|Any CPU.ActiveCfg = Release|Any CPU
		{B5260BA3-5345-437F-9446-0CAE51DFFD03}.Release|Any CPU.Build.0 = Release|Any CPU
	EndGlobalSection
	GlobalSection(SolutionProperties) = preSolution
		HideSolutionNode = FALSE
	EndGlobalSection
	GlobalSection(ExtensibilityGlobals) = postSolution
		SolutionGuid = {EACDC367-32B2-40D2-8CDA-74DFBA721F76}
	EndGlobalSection
	GlobalSection(TeamFoundationVersionControl) = preSolution
		SccNumberOfProjects = 2
		SccEnterpriseProvider = {4CA58AB2-18FA-4F8D-95D4-32DDF27D184C}
		SccTeamFoundationServer = https://cnm.visualstudio.com/DefaultCollection
		SccLocalPath0 = .
		SccProjectUniqueName1 = GasEquation\\GasEquation.csproj
		SccProjectName1 = GasEquation
		SccLocalPath1 = GasEquation
	EndGlobalSection
EndGlobal
